<?xml version="1.0" encoding="utf-8"?>
<Project ToolsVersion="17.0" xmlns="http://schemas.microsoft.com/developer/msbuild/2003">
  <ItemGroup>
    <ClCompile Include="C:\Users\48695\Desktop\Projekty\LoginRegistration_System\database.cpp">
      <Filter>Source Files</Filter>
    </ClCompile>
  </ItemGroup>
  <ItemGroup>
    <ClInclude Include="C:\Users\48695\Desktop\Projekty\LoginRegistration_System\database.h">
      <Filter>Header Files</Filter>
    </ClInclude>
  </ItemGroup>
  <ItemGroup>
    <CustomBuild Include="C:\Users\48695\Desktop\Projekty\LoginRegistration_System\CMakeLists.txt" />
  </ItemGroup>
  <ItemGroup>
    <Filter Include="Header Files">
      <UniqueIdentifier>{CEEA5675-2D12-3648-BE73-D1C95904C90B}</UniqueIdentifier>
    </Filter>
    <Filter Include="Source Files">
      <UniqueIdentifier>{A316F96E-B252-3029-BE36-4E403199DDEC}</UniqueIdentifier>
    </Filter>
  </ItemGroup>
</Project>
