<?xml version="1.0" encoding="utf-8"?>
<Project ToolsVersion="17.0" xmlns="http://schemas.microsoft.com/developer/msbuild/2003">
  <ItemGroup>
    <CustomBuild Include="C:\Users\48695\Desktop\Projekty\LoginRegistration_System\Cmake\CMakeFiles\67f36ab5cdcfb5de7c711f1322a0751d\generate.stamp.rule">
      <Filter>CMake Rules</Filter>
    </CustomBuild>
  </ItemGroup>
  <ItemGroup>
    <Filter Include="CMake Rules">
      <UniqueIdentifier>{FAE857B9-1D1E-3BBE-A85A-74DB30078F7B}</UniqueIdentifier>
    </Filter>
  </ItemGroup>
</Project>
